
Microsoft Visual Studio Solution File, Format Version 12.00
# Visual Studio 15
VisualStudioVersion = 15.0.27130.2010
MinimumVisualStudioVersion = 10.0.40219.1
Project("{2150E333-8FDC-42A3-9474-1A3956D46DE8}") = "Tests", "Tests", "{8832AFBE-9DA9-4FE8-B391-4F6978012D60}"
EndProject
Project("{2150E333-8FDC-42A3-9474-1A3956D46DE8}") = "UI", "UI", "{F9371517-3527-4D18-9D20-CD827FF89F14}"
EndProject
Project("{9A19103F-16F7-4668-BE54-9A1E7A4F7556}") = "BusinessLogic", "BusinessLogic\BusinessLogic.csproj", "{20F249D5-0F92-4712-989F-62AD73C57AD9}"
EndProject
Project("{9A19103F-16F7-4668-BE54-9A1E7A4F7556}") = "UI.ConsoleUI", "UI\ConsoleUI\UI.ConsoleUI.csproj", "{9E400B68-D1E0-4F8C-99B7-F7AE46026421}"
EndProject
Project("{9A19103F-16F7-4668-BE54-9A1E7A4F7556}") = "UI.Common", "UI\Common\UI.Common.csproj", "{1F1F9A97-05A4-40CF-A87B-FE94E757DC0A}"
EndProject
Project("{FAE04EC0-301F-11D3-BF4B-00C04F79EFBC}") = "BusinessLogic.Tests", "Tests\BusinessLogic.Tests\BusinessLogic.Tests.csproj", "{305F6E6E-FEAA-4B7D-BE26-9B1EFFD60D34}"
EndProject
Project("{FAE04EC0-301F-11D3-BF4B-00C04F79EFBC}") = "UI.Common.Tests", "Tests\UI.Common.Tests\UI.Common.Tests.csproj", "{C50B5931-9D35-44C6-8FF4-B91E623F8D96}"
EndProject
Global
	GlobalSection(SolutionConfigurationPlatforms) = preSolution
		Debug|Any CPU = Debug|Any CPU
		Release|Any CPU = Release|Any CPU
	EndGlobalSection
	GlobalSection(ProjectConfigurationPlatforms) = postSolution
		{20F249D5-0F92-4712-989F-62AD73C57AD9}.Debug|Any CPU.ActiveCfg = Debug|Any CPU
		{20F249D5-0F92-4712-989F-62AD73C57AD9}.Debug|Any CPU.Build.0 = Debug|Any CPU
		{20F249D5-0F92-4712-989F-62AD73C57AD9}.Release|Any CPU.ActiveCfg = Release|Any CPU
		{20F249D5-0F92-4712-989F-62AD73C57AD9}.Release|Any CPU.Build.0 = Release|Any CPU
		{9E400B68-D1E0-4F8C-99B7-F7AE46026421}.Debug|Any CPU.ActiveCfg = Debug|Any CPU
		{9E400B68-D1E0-4F8C-99B7-F7AE46026421}.Debug|Any CPU.Build.0 = Debug|Any CPU
		{9E400B68-D1E0-4F8C-99B7-F7AE46026421}.Release|Any CPU.ActiveCfg = Release|Any CPU
		{9E400B68-D1E0-4F8C-99B7-F7AE46026421}.Release|Any CPU.Build.0 = Release|Any CPU
		{1F1F9A97-05A4-40CF-A87B-FE94E757DC0A}.Debug|Any CPU.ActiveCfg = Debug|Any CPU
		{1F1F9A97-05A4-40CF-A87B-FE94E757DC0A}.Debug|Any CPU.Build.0 = Debug|Any CPU
		{1F1F9A97-05A4-40CF-A87B-FE94E757DC0A}.Release|Any CPU.ActiveCfg = Release|Any CPU
		{1F1F9A97-05A4-40CF-A87B-FE94E757DC0A}.Release|Any CPU.Build.0 = Release|Any CPU
		{305F6E6E-FEAA-4B7D-BE26-9B1EFFD60D34}.Debug|Any CPU.ActiveCfg = Debug|Any CPU
		{305F6E6E-FEAA-4B7D-BE26-9B1EFFD60D34}.Debug|Any CPU.Build.0 = Debug|Any CPU
		{305F6E6E-FEAA-4B7D-BE26-9B1EFFD60D34}.Release|Any CPU.ActiveCfg = Release|Any CPU
		{305F6E6E-FEAA-4B7D-BE26-9B1EFFD60D34}.Release|Any CPU.Build.0 = Release|Any CPU
		{C50B5931-9D35-44C6-8FF4-B91E623F8D96}.Debug|Any CPU.ActiveCfg = Debug|Any CPU
		{C50B5931-9D35-44C6-8FF4-B91E623F8D96}.Debug|Any CPU.Build.0 = Debug|Any CPU
		{C50B5931-9D35-44C6-8FF4-B91E623F8D96}.Release|Any CPU.ActiveCfg = Release|Any CPU
		{C50B5931-9D35-44C6-8FF4-B91E623F8D96}.Release|Any CPU.Build.0 = Release|Any CPU
	EndGlobalSection
	GlobalSection(SolutionProperties) = preSolution
		HideSolutionNode = FALSE
	EndGlobalSection
	GlobalSection(NestedProjects) = preSolution
		{9E400B68-D1E0-4F8C-99B7-F7AE46026421} = {F9371517-3527-4D18-9D20-CD827FF89F14}
		{1F1F9A97-05A4-40CF-A87B-FE94E757DC0A} = {F9371517-3527-4D18-9D20-CD827FF89F14}
		{305F6E6E-FEAA-4B7D-BE26-9B1EFFD60D34} = {8832AFBE-9DA9-4FE8-B391-4F6978012D60}
		{C50B5931-9D35-44C6-8FF4-B91E623F8D96} = {8832AFBE-9DA9-4FE8-B391-4F6978012D60}
	EndGlobalSection
	GlobalSection(ExtensibilityGlobals) = postSolution
		SolutionGuid = {5E82CBDC-F51E-4318-8AA1-4E9E1A55FB66}
	EndGlobalSection
EndGlobal
